
Microsoft Visual Studio Solution File, Format Version 12.00
# Visual Studio Version 17
VisualStudioVersion = 17.0.31903.59
MinimumVisualStudioVersion = 10.0.40219.1
Project("{FAE04EC0-301F-11D3-BF4B-00C04F79EFBC}") = "API", "API\API.csproj", "{4D30F7E7-FEEC-4A05-8FBD-34B0FC34949E}"
EndProject
Project("{FAE04EC0-301F-11D3-BF4B-00C04F79EFBC}") = "Application", "Application\Application.csproj", "{090D23F8-9310-4F1C-9E37-05D24AA5422B}"
EndProject
Project("{FAE04EC0-301F-11D3-BF4B-00C04F79EFBC}") = "Domain", "Domain\Domain.csproj", "{56D33E63-7404-4F06-81D3-182EDDA16C00}"
EndProject
Project("{FAE04EC0-301F-11D3-BF4B-00C04F79EFBC}") = "Persistence", "Persistence\Persistence.csproj", "{808F251A-6A1C-4BEC-8DF2-DE1277272A50}"
EndProject
Global
	GlobalSection(SolutionConfigurationPlatforms) = preSolution
		Debug|Any CPU = Debug|Any CPU
		Release|Any CPU = Release|Any CPU
	EndGlobalSection
	GlobalSection(SolutionProperties) = preSolution
		HideSolutionNode = FALSE
	EndGlobalSection
	GlobalSection(ProjectConfigurationPlatforms) = postSolution
		{4D30F7E7-FEEC-4A05-8FBD-34B0FC34949E}.Debug|Any CPU.ActiveCfg = Debug|Any CPU
		{4D30F7E7-FEEC-4A05-8FBD-34B0FC34949E}.Debug|Any CPU.Build.0 = Debug|Any CPU
		{4D30F7E7-FEEC-4A05-8FBD-34B0FC34949E}.Release|Any CPU.ActiveCfg = Release|Any CPU
		{4D30F7E7-FEEC-4A05-8FBD-34B0FC34949E}.Release|Any CPU.Build.0 = Release|Any CPU
		{090D23F8-9310-4F1C-9E37-05D24AA5422B}.Debug|Any CPU.ActiveCfg = Debug|Any CPU
		{090D23F8-9310-4F1C-9E37-05D24AA5422B}.Debug|Any CPU.Build.0 = Debug|Any CPU
		{090D23F8-9310-4F1C-9E37-05D24AA5422B}.Release|Any CPU.ActiveCfg = Release|Any CPU
		{090D23F8-9310-4F1C-9E37-05D24AA5422B}.Release|Any CPU.Build.0 = Release|Any CPU
		{56D33E63-7404-4F06-81D3-182EDDA16C00}.Debug|Any CPU.ActiveCfg = Debug|Any CPU
		{56D33E63-7404-4F06-81D3-182EDDA16C00}.Debug|Any CPU.Build.0 = Debug|Any CPU
		{56D33E63-7404-4F06-81D3-182EDDA16C00}.Release|Any CPU.ActiveCfg = Release|Any CPU
		{56D33E63-7404-4F06-81D3-182EDDA16C00}.Release|Any CPU.Build.0 = Release|Any CPU
		{808F251A-6A1C-4BEC-8DF2-DE1277272A50}.Debug|Any CPU.ActiveCfg = Debug|Any CPU
		{808F251A-6A1C-4BEC-8DF2-DE1277272A50}.Debug|Any CPU.Build.0 = Debug|Any CPU
		{808F251A-6A1C-4BEC-8DF2-DE1277272A50}.Release|Any CPU.ActiveCfg = Release|Any CPU
		{808F251A-6A1C-4BEC-8DF2-DE1277272A50}.Release|Any CPU.Build.0 = Release|Any CPU
	EndGlobalSection
EndGlobal
